<Solution>
  <Folder Name="/src/">
    <Project Path="src/ODCC.Api/ODCC.Api.csproj" />
    <Project Path="src/ODCC.Application/ODCC.Application.csproj" />
    <Project Path="src/ODCC.Domain/ODCC.Domain.csproj" />
    <Project Path="src/ODCC.Infrastructure/ODCC.Infrastructure.csproj" />
  </Folder>
  <Folder Name="/tests/">
    <Project Path="tests/ODCC.Api.Tests/ODCC.Api.Tests.csproj" />
    <Project Path="tests/ODCC.Architecture.Tests/ODCC.Architecture.Tests.csproj" />
    <Project Path="tests/ODCC.Application.Tests/ODCC.Application.Tests.csproj" />
    <Project Path="tests/ODCC.Infrastructure.Tests/ODCC.Infrastructure.Tests.csproj" />
  </Folder>
</Solution>
